{
    "name": "frogsay",
    "version": "0.0.1",
    "lockfileVersion": 2,
    "requires": true,
    "packages": {
        "": {
            "name": "frogsay",
            "version": "0.0.1",
            "license": "MIT",
            "bin": {
                "frogsay": "frogsay.js"
            },
            "engines": {
                "node": ">= 4"
            }
        }
    }
}
